
Microsoft Visual Studio Solution File, Format Version 12.00
# Visual Studio Version 16
VisualStudioVersion = 16.0.31911.196
MinimumVisualStudioVersion = 10.0.40219.1
Project("{FAE04EC0-301F-11D3-BF4B-00C04F79EFBC}") = "StardewUpdater", "StardewUpdater\StardewUpdater.csproj", "{B4682F48-065F-43F3-9B7E-D839EFAAFD1E}"
EndProject
Global
	GlobalSection(SolutionConfigurationPlatforms) = preSolution
		Debug|Any CPU = Debug|Any CPU
		Release|Any CPU = Release|Any CPU
	EndGlobalSection
	GlobalSection(ProjectConfigurationPlatforms) = postSolution
		{B4682F48-065F-43F3-9B7E-D839EFAAFD1E}.Debug|Any CPU.ActiveCfg = Debug|Any CPU
		{B4682F48-065F-43F3-9B7E-D839EFAAFD1E}.Debug|Any CPU.Build.0 = Debug|Any CPU
		{B4682F48-065F-43F3-9B7E-D839EFAAFD1E}.Release|Any CPU.ActiveCfg = Release|Any CPU
		{B4682F48-065F-43F3-9B7E-D839EFAAFD1E}.Release|Any CPU.Build.0 = Release|Any CPU
	EndGlobalSection
	GlobalSection(SolutionProperties) = preSolution
		HideSolutionNode = FALSE
	EndGlobalSection
	GlobalSection(ExtensibilityGlobals) = postSolution
		SolutionGuid = {9F145A45-5BA7-4007-A107-4D67C19E59DE}
	EndGlobalSection
EndGlobal
